
Microsoft Visual Studio Solution File, Format Version 12.00
# Visual Studio 15
Project("{FAE04EC0-301F-11D3-BF4B-00C04F79EFBC}") = "VIKO Maze", "Assembly-CSharp.csproj", "{D23E7306-7673-C54D-203B-9274DAE7D8AC}"
EndProject
Global
	GlobalSection(SolutionConfigurationPlatforms) = preSolution
		Debug|Any CPU = Debug|Any CPU
		Release|Any CPU = Release|Any CPU
	EndGlobalSection
	GlobalSection(ProjectConfigurationPlatforms) = postSolution
		{D23E7306-7673-C54D-203B-9274DAE7D8AC}.Debug|Any CPU.ActiveCfg = Debug|Any CPU
		{D23E7306-7673-C54D-203B-9274DAE7D8AC}.Debug|Any CPU.Build.0 = Debug|Any CPU
		{D23E7306-7673-C54D-203B-9274DAE7D8AC}.Release|Any CPU.ActiveCfg = Release|Any CPU
		{D23E7306-7673-C54D-203B-9274DAE7D8AC}.Release|Any CPU.Build.0 = Release|Any CPU
	EndGlobalSection
	GlobalSection(SolutionProperties) = preSolution
		HideSolutionNode = FALSE
	EndGlobalSection
EndGlobal
